<?xml version="1.0" encoding="utf-8"?>
<Project ToolsVersion="4.0" xmlns="http://schemas.microsoft.com/developer/msbuild/2003">
  <ItemGroup>
    <Filter Include="源文件">
      <UniqueIdentifier>{4FC737F1-C7A5-4376-A066-2A32D752A2FF}</UniqueIdentifier>
      <Extensions>cpp;c;cc;cxx;def;odl;idl;hpj;bat;asm;asmx</Extensions>
    </Filter>
    <Filter Include="头文件">
      <UniqueIdentifier>{93995380-89BD-4b04-88EB-625FBE52EBFB}</UniqueIdentifier>
      <Extensions>h;hpp;hxx;hm;inl;inc;xsd</Extensions>
    </Filter>
    <Filter Include="资源文件">
      <UniqueIdentifier>{67DA6AB6-F800-4c08-8B7A-83BB121AAD01}</UniqueIdentifier>
      <Extensions>rc;ico;cur;bmp;dlg;rc2;rct;bin;rgs;gif;jpg;jpeg;jpe;resx;tiff;tif;png;wav</Extensions>
    </Filter>
    <Filter Include="CmdDef">
      <UniqueIdentifier>{e9633e3d-f333-4af8-a77a-09dec28cc1b9}</UniqueIdentifier>
    </Filter>
    <Filter Include="GameObject">
      <UniqueIdentifier>{a934329e-fe14-4322-bc94-3025f3a60ef4}</UniqueIdentifier>
    </Filter>
    <Filter Include="SubSystem">
      <UniqueIdentifier>{524c1dcf-ef1c-4c0f-89c5-418f115ac37f}</UniqueIdentifier>
    </Filter>
    <Filter Include="include">
      <UniqueIdentifier>{840d5a5e-d6a6-4a4f-a232-c95b782aa2b3}</UniqueIdentifier>
    </Filter>
  </ItemGroup>
  <ItemGroup>
    <ClCompile Include="GameServer.cpp">
      <Filter>源文件</Filter>
    </ClCompile>
    <ClCompile Include="GameService.cpp">
      <Filter>源文件</Filter>
    </ClCompile>
    <ClCompile Include="Grid.cpp">
      <Filter>源文件</Filter>
    </ClCompile>
    <ClCompile Include="GridManager.cpp">
      <Filter>源文件</Filter>
    </ClCompile>
    <ClCompile Include="Scene.cpp">
      <Filter>源文件</Filter>
    </ClCompile>
    <ClCompile Include="SceneManager.cpp">
      <Filter>源文件</Filter>
    </ClCompile>
    <ClCompile Include="ServerCmdHandler.cpp">
      <Filter>源文件</Filter>
    </ClCompile>
    <ClCompile Include="stdafx.cpp">
      <Filter>源文件</Filter>
    </ClCompile>
    <ClCompile Include="GameObject\CharObject.cpp">
      <Filter>GameObject</Filter>
    </ClCompile>
    <ClCompile Include="GameObject\Object.cpp">
      <Filter>GameObject</Filter>
    </ClCompile>
    <ClCompile Include="GameObject\PlayerObject.cpp">
      <Filter>GameObject</Filter>
    </ClCompile>
    <ClCompile Include="GameObject\WorldObject.cpp">
      <Filter>GameObject</Filter>
    </ClCompile>
    <ClCompile Include="PropertyMgr.cpp">
      <Filter>SubSystem</Filter>
    </ClCompile>
  </ItemGroup>
  <ItemGroup>
    <ClInclude Include="GameService.h">
      <Filter>头文件</Filter>
    </ClInclude>
    <ClInclude Include="Grid.h">
      <Filter>头文件</Filter>
    </ClInclude>
    <ClInclude Include="GridManager.h">
      <Filter>头文件</Filter>
    </ClInclude>
    <ClInclude Include="..\..\Common\Utility\Position.h">
      <Filter>头文件</Filter>
    </ClInclude>
    <ClInclude Include="Scene.h">
      <Filter>头文件</Filter>
    </ClInclude>
    <ClInclude Include="SceneManager.h">
      <Filter>头文件</Filter>
    </ClInclude>
    <ClInclude Include="ServerCmdHandler.h">
      <Filter>头文件</Filter>
    </ClInclude>
    <ClInclude Include="stdafx.h">
      <Filter>头文件</Filter>
    </ClInclude>
    <ClInclude Include="..\..\Common\PacketDef\ClientPacket.h">
      <Filter>CmdDef</Filter>
    </ClInclude>
    <ClInclude Include="..\..\Common\CommandDef.h">
      <Filter>CmdDef</Filter>
    </ClInclude>
    <ClInclude Include="..\..\Common\PacketDef\CommonPacket.h">
      <Filter>CmdDef</Filter>
    </ClInclude>
    <ClInclude Include="..\..\Common\PacketDef\PacketHeader.h">
      <Filter>CmdDef</Filter>
    </ClInclude>
    <ClInclude Include="..\..\Common\PacketDef\ServerPacket.h">
      <Filter>CmdDef</Filter>
    </ClInclude>
    <ClInclude Include="GameObject\CharObject.h">
      <Filter>GameObject</Filter>
    </ClInclude>
    <ClInclude Include="GameObject\Object.h">
      <Filter>GameObject</Filter>
    </ClInclude>
    <ClInclude Include="GameObject\PlayerObject.h">
      <Filter>GameObject</Filter>
    </ClInclude>
    <ClInclude Include="GameObject\WorldObject.h">
      <Filter>GameObject</Filter>
    </ClInclude>
    <ClInclude Include="PropertyMgr.h">
      <Filter>SubSystem</Filter>
    </ClInclude>
    <ClInclude Include="..\..\Common\Error.h">
      <Filter>include</Filter>
    </ClInclude>
    <ClInclude Include="..\..\Common\GameDefine.h">
      <Filter>include</Filter>
    </ClInclude>
    <ClInclude Include="..\..\Common\GameStruct.h">
      <Filter>include</Filter>
    </ClInclude>
    <ClInclude Include="..\..\Common\ObjectID.h">
      <Filter>include</Filter>
    </ClInclude>
    <ClInclude Include="..\..\Common\TypeDef.h">
      <Filter>include</Filter>
    </ClInclude>
  </ItemGroup>
  <ItemGroup>
    <Text Include="ReadMe.txt" />
  </ItemGroup>
</Project>